
Microsoft Visual Studio Solution File, Format Version 12.00
# Visual Studio 15
VisualStudioVersion = 15.0.26430.12
MinimumVisualStudioVersion = 10.0.40219.1
Project("{FAE04EC0-301F-11D3-BF4B-00C04F79EFBC}") = "Academy.Web", "Web\Academy.Web.csproj", "{0B072EC9-E522-408C-9E26-74A99CC1B42A}"
EndProject
Project("{FAE04EC0-301F-11D3-BF4B-00C04F79EFBC}") = "Academy.Services", "Services\Academy.Services.csproj", "{CD4FD1DD-637D-454A-8C3D-3AEE54A4874C}"
EndProject
Project("{FAE04EC0-301F-11D3-BF4B-00C04F79EFBC}") = "Academy.Models", "Models\Academy.Models.csproj", "{1DAF0313-DE87-4E55-8A2B-98B9167E1A0C}"
EndProject
Project("{00D1A9C2-B5F0-4AF3-8072-F6C62B433612}") = "Academy.Database", "Database\Academy.Database.sqlproj", "{E6053425-DA23-4DC4-9008-5F1F5AEB3975}"
EndProject
Project("{FAE04EC0-301F-11D3-BF4B-00C04F79EFBC}") = "Academy.Tests", "Tests\Academy.Tests.csproj", "{80A8E0F3-371F-4A7C-840A-D7C636CF7292}"
EndProject
Global
	GlobalSection(SolutionConfigurationPlatforms) = preSolution
		Debug|Any CPU = Debug|Any CPU
		Release|Any CPU = Release|Any CPU
	EndGlobalSection
	GlobalSection(ProjectConfigurationPlatforms) = postSolution
		{0B072EC9-E522-408C-9E26-74A99CC1B42A}.Debug|Any CPU.ActiveCfg = Debug|Any CPU
		{0B072EC9-E522-408C-9E26-74A99CC1B42A}.Debug|Any CPU.Build.0 = Debug|Any CPU
		{0B072EC9-E522-408C-9E26-74A99CC1B42A}.Release|Any CPU.ActiveCfg = Release|Any CPU
		{0B072EC9-E522-408C-9E26-74A99CC1B42A}.Release|Any CPU.Build.0 = Release|Any CPU
		{CD4FD1DD-637D-454A-8C3D-3AEE54A4874C}.Debug|Any CPU.ActiveCfg = Debug|Any CPU
		{CD4FD1DD-637D-454A-8C3D-3AEE54A4874C}.Debug|Any CPU.Build.0 = Debug|Any CPU
		{CD4FD1DD-637D-454A-8C3D-3AEE54A4874C}.Release|Any CPU.ActiveCfg = Release|Any CPU
		{CD4FD1DD-637D-454A-8C3D-3AEE54A4874C}.Release|Any CPU.Build.0 = Release|Any CPU
		{1DAF0313-DE87-4E55-8A2B-98B9167E1A0C}.Debug|Any CPU.ActiveCfg = Debug|Any CPU
		{1DAF0313-DE87-4E55-8A2B-98B9167E1A0C}.Debug|Any CPU.Build.0 = Debug|Any CPU
		{1DAF0313-DE87-4E55-8A2B-98B9167E1A0C}.Release|Any CPU.ActiveCfg = Release|Any CPU
		{1DAF0313-DE87-4E55-8A2B-98B9167E1A0C}.Release|Any CPU.Build.0 = Release|Any CPU
		{E6053425-DA23-4DC4-9008-5F1F5AEB3975}.Debug|Any CPU.ActiveCfg = Debug|Any CPU
		{E6053425-DA23-4DC4-9008-5F1F5AEB3975}.Debug|Any CPU.Build.0 = Debug|Any CPU
		{E6053425-DA23-4DC4-9008-5F1F5AEB3975}.Debug|Any CPU.Deploy.0 = Debug|Any CPU
		{E6053425-DA23-4DC4-9008-5F1F5AEB3975}.Release|Any CPU.ActiveCfg = Release|Any CPU
		{E6053425-DA23-4DC4-9008-5F1F5AEB3975}.Release|Any CPU.Build.0 = Release|Any CPU
		{E6053425-DA23-4DC4-9008-5F1F5AEB3975}.Release|Any CPU.Deploy.0 = Release|Any CPU
		{80A8E0F3-371F-4A7C-840A-D7C636CF7292}.Debug|Any CPU.ActiveCfg = Debug|Any CPU
		{80A8E0F3-371F-4A7C-840A-D7C636CF7292}.Debug|Any CPU.Build.0 = Debug|Any CPU
		{80A8E0F3-371F-4A7C-840A-D7C636CF7292}.Release|Any CPU.ActiveCfg = Release|Any CPU
		{80A8E0F3-371F-4A7C-840A-D7C636CF7292}.Release|Any CPU.Build.0 = Release|Any CPU
	EndGlobalSection
	GlobalSection(SolutionProperties) = preSolution
		HideSolutionNode = FALSE
	EndGlobalSection
EndGlobal
